
Microsoft Visual Studio Solution File, Format Version 12.00
# Visual Studio Version 16
VisualStudioVersion = 16.0.28803.352
MinimumVisualStudioVersion = 10.0.40219.1
Project("{6EC3EE1D-3C4E-46DD-8F32-0CC8E7565705}") = "Isogram", "Isogram.fsproj", "{D4D68072-7699-47EC-9079-C0E5F68AA71B}"
EndProject
Global
	GlobalSection(SolutionConfigurationPlatforms) = preSolution
		Debug|Any CPU = Debug|Any CPU
		Release|Any CPU = Release|Any CPU
	EndGlobalSection
	GlobalSection(ProjectConfigurationPlatforms) = postSolution
		{D4D68072-7699-47EC-9079-C0E5F68AA71B}.Debug|Any CPU.ActiveCfg = Debug|Any CPU
		{D4D68072-7699-47EC-9079-C0E5F68AA71B}.Debug|Any CPU.Build.0 = Debug|Any CPU
		{D4D68072-7699-47EC-9079-C0E5F68AA71B}.Release|Any CPU.ActiveCfg = Release|Any CPU
		{D4D68072-7699-47EC-9079-C0E5F68AA71B}.Release|Any CPU.Build.0 = Release|Any CPU
	EndGlobalSection
	GlobalSection(SolutionProperties) = preSolution
		HideSolutionNode = FALSE
	EndGlobalSection
	GlobalSection(ExtensibilityGlobals) = postSolution
		SolutionGuid = {A83B85F7-58FE-4C02-8270-F155F3D61F04}
	EndGlobalSection
EndGlobal
