
Microsoft Visual Studio Solution File, Format Version 12.00
# Visual Studio Version 16
VisualStudioVersion = 16.0.28803.352
MinimumVisualStudioVersion = 10.0.40219.1
Project("{6EC3EE1D-3C4E-46DD-8F32-0CC8E7565705}") = "HelloWorld", "HelloWorld.fsproj", "{CA58488F-B558-47FC-81BB-8B5041231A4D}"
EndProject
Global
	GlobalSection(SolutionConfigurationPlatforms) = preSolution
		Debug|Any CPU = Debug|Any CPU
		Release|Any CPU = Release|Any CPU
	EndGlobalSection
	GlobalSection(ProjectConfigurationPlatforms) = postSolution
		{CA58488F-B558-47FC-81BB-8B5041231A4D}.Debug|Any CPU.ActiveCfg = Debug|Any CPU
		{CA58488F-B558-47FC-81BB-8B5041231A4D}.Debug|Any CPU.Build.0 = Debug|Any CPU
		{CA58488F-B558-47FC-81BB-8B5041231A4D}.Release|Any CPU.ActiveCfg = Release|Any CPU
		{CA58488F-B558-47FC-81BB-8B5041231A4D}.Release|Any CPU.Build.0 = Release|Any CPU
	EndGlobalSection
	GlobalSection(SolutionProperties) = preSolution
		HideSolutionNode = FALSE
	EndGlobalSection
	GlobalSection(ExtensibilityGlobals) = postSolution
		SolutionGuid = {6F0B9BFF-8FB4-450B-ABAF-54BB4EF00376}
	EndGlobalSection
EndGlobal
